
Microsoft Visual Studio Solution File, Format Version 12.00
# Visual Studio Version 17
VisualStudioVersion = 17.14.36429.23
MinimumVisualStudioVersion = 10.0.40219.1
Project("{2150E333-8FDC-42A3-9474-1A3956D46DE8}") = "Task0", "Task0", "{02EA681E-C7D8-13C7-8484-4AC65E1B71E8}"
EndProject
Project("{FAE04EC0-301F-11D3-BF4B-00C04F79EFBC}") = "Tyuiu.SlokvaGA.Sprint2.Task0.V15", "Tyuiu.SlokvaGA.Sprint2.Task0.V15\Tyuiu.SlokvaGA.Sprint2.Task0.V15.csproj", "{827E27C4-6225-4451-BA09-B2150BC1EB55}"
EndProject
Project("{FAE04EC0-301F-11D3-BF4B-00C04F79EFBC}") = "Tyuiu.SlokvaGA.Sprint2.Task0.V15.Lib", "Tyuiu.SlokvaGA.Sprint2.Task0.V15.Lib\Tyuiu.SlokvaGA.Sprint2.Task0.V15.Lib.csproj", "{1BB39A55-CE24-4531-AA85-06AADB0001DE}"
EndProject
Project("{FAE04EC0-301F-11D3-BF4B-00C04F79EFBC}") = "Tyuiu.SlokvaGA.Sprint2.Task0.V15.Test", "Tyuiu.SlokvaGA.Sprint2.Task0.V15.Test\Tyuiu.SlokvaGA.Sprint2.Task0.V15.Test.csproj", "{4FC49DED-B549-4E51-98D9-CF647A80E455}"
EndProject
Project("{2150E333-8FDC-42A3-9474-1A3956D46DE8}") = "Task1", "Task1", "{17885A6E-F97B-4D8A-8B3F-DE43D5D26F4B}"
EndProject
Project("{FAE04EC0-301F-11D3-BF4B-00C04F79EFBC}") = "Tyuiu.SlokvaGA.Sprint2.Task1.V27", "Tyuiu.SlokvaGA.Sprint2.Task1.V27\Tyuiu.SlokvaGA.Sprint2.Task1.V27.csproj", "{972FC80D-6D5A-4171-8ED6-AE5267D0DE72}"
EndProject
Project("{FAE04EC0-301F-11D3-BF4B-00C04F79EFBC}") = "Tyuiu.SlokvaGA.Sprint2.Task1.V27.Test", "Tyuiu.SlokvaGA.Sprint2.Task1.V27.Test\Tyuiu.SlokvaGA.Sprint2.Task1.V27.Test.csproj", "{0748A434-DAA2-436F-AAA0-9D1AF7F94A01}"
EndProject
Project("{FAE04EC0-301F-11D3-BF4B-00C04F79EFBC}") = "Tyuiu.SlokvaGA.Sprint2.Task1.V27.Lib", "Tyuiu.SlokvaGA.Sprint2.Task1.V27.Lib\Tyuiu.SlokvaGA.Sprint2.Task1.V27.Lib.csproj", "{1FC4875A-1D5F-49DE-BF60-CCB5F769DD5C}"
EndProject
Project("{2150E333-8FDC-42A3-9474-1A3956D46DE8}") = "Task2", "Task2", "{1A350EA7-1A57-4C7E-9B9C-625D9C0FB674}"
EndProject
Project("{FAE04EC0-301F-11D3-BF4B-00C04F79EFBC}") = "Tyuiu.SlokvaGA.Sprint2.Task2.V25", "Tyuiu.SlokvaGA.Sprint2.Task2.V25\Tyuiu.SlokvaGA.Sprint2.Task2.V25.csproj", "{B875F659-52D7-4F70-9520-C1AD5E2C1FA0}"
EndProject
Project("{FAE04EC0-301F-11D3-BF4B-00C04F79EFBC}") = "Tyuiu.SlokvaGA.Sprint2.Task2.V25.Lib", "Tyuiu.SlokvaGA.Sprint2.Task2.V25.Lib\Tyuiu.SlokvaGA.Sprint2.Task2.V25.Lib.csproj", "{37097A98-B778-4637-A57C-3E1A6E7ABAE4}"
EndProject
Project("{FAE04EC0-301F-11D3-BF4B-00C04F79EFBC}") = "Tyuiu.SlokvaGA.Sprint2.Task2.V25.Test", "Tyuiu.SlokvaGA.Sprint2.Task2.V25.Test\Tyuiu.SlokvaGA.Sprint2.Task2.V25.Test.csproj", "{6D508BC5-CA95-46D8-9060-5E7E3E32D940}"
EndProject
Project("{2150E333-8FDC-42A3-9474-1A3956D46DE8}") = "Task3", "Task3", "{3DD6845E-E635-4CC8-AA31-2524FB855424}"
EndProject
Project("{FAE04EC0-301F-11D3-BF4B-00C04F79EFBC}") = "Tyuiu.SlokvaGA.Sprint2.Task3.V17", "Tyuiu.SlokvaGA.Sprint2.Task3.V17\Tyuiu.SlokvaGA.Sprint2.Task3.V17.csproj", "{3710044F-DA42-46C5-9AFB-9EBDE945BD2C}"
EndProject
Project("{FAE04EC0-301F-11D3-BF4B-00C04F79EFBC}") = "Tyuiu.SlokvaGA.Sprint2.Task3.V17.Test", "Tyuiu.SlokvaGA.Sprint2.Task3.V17.Test\Tyuiu.SlokvaGA.Sprint2.Task3.V17.Test.csproj", "{BA731947-AEF5-402C-A107-257903B406EC}"
EndProject
Project("{FAE04EC0-301F-11D3-BF4B-00C04F79EFBC}") = "Tyuiu.SlokvaGA.Sprint2.Task3.V17.Lib", "Tyuiu.SlokvaGA.Sprint2.Task3.V17.Lib\Tyuiu.SlokvaGA.Sprint2.Task3.V17.Lib.csproj", "{4BC7F5E2-C529-4CF7-9A98-2963FF587E17}"
EndProject
Project("{2150E333-8FDC-42A3-9474-1A3956D46DE8}") = "Task4", "Task4", "{1F22A421-2726-46D1-A3B9-4598836F37AB}"
EndProject
Project("{FAE04EC0-301F-11D3-BF4B-00C04F79EFBC}") = "Tyuiu.SlokvaGA.Sprint2.Task4.V21", "Tyuiu.SlokvaGA.Sprint2.Task4.V21\Tyuiu.SlokvaGA.Sprint2.Task4.V21.csproj", "{09049889-D239-4725-9CD9-64BD0FFDA9C7}"
EndProject
Project("{FAE04EC0-301F-11D3-BF4B-00C04F79EFBC}") = "Tyuiu.SlokvaGA.Sprint2.Task4.V21.Lib", "Tyuiu.SlokvaGA.Sprint2.Task4.V21.Lib\Tyuiu.SlokvaGA.Sprint2.Task4.V21.Lib.csproj", "{C6011522-D615-4A1C-ABB7-E8E6A380993F}"
EndProject
Project("{FAE04EC0-301F-11D3-BF4B-00C04F79EFBC}") = "Tyuiu.SlokvaGA.Sprint2.Task4.V21.Test", "Tyuiu.SlokvaGA.Sprint2.Task4.V21.Test\Tyuiu.SlokvaGA.Sprint2.Task4.V21.Test.csproj", "{48690AA8-9AC4-4AEA-9755-BEBEAF27406C}"
EndProject
Project("{2150E333-8FDC-42A3-9474-1A3956D46DE8}") = "Task5", "Task5", "{B50FD878-FD11-43DA-B9CE-155AE441FBF9}"
EndProject
Project("{FAE04EC0-301F-11D3-BF4B-00C04F79EFBC}") = "Tyuiu.SlokvaGA.Sprint2.Task5.V13", "Tyuiu.SlokvaGA.Sprint2.Task5.V13\Tyuiu.SlokvaGA.Sprint2.Task5.V13.csproj", "{122B8DE3-E405-4174-AC41-F07430629F61}"
EndProject
Project("{FAE04EC0-301F-11D3-BF4B-00C04F79EFBC}") = "Tyuiu.SlokvaGA.Sprint2.Task5.V13.Lib", "Tyuiu.SlokvaGA.Sprint2.Task5.V13.Lib\Tyuiu.SlokvaGA.Sprint2.Task5.V13.Lib.csproj", "{5752D675-7055-46C8-95CD-89C65E7339BE}"
EndProject
Project("{FAE04EC0-301F-11D3-BF4B-00C04F79EFBC}") = "Tyuiu.SlokvaGA.Sprint2.Task5.V13.Test", "Tyuiu.SlokvaGA.Sprint2.Task5.V13.Test\Tyuiu.SlokvaGA.Sprint2.Task5.V13.Test.csproj", "{8E1C3E9D-83E7-4B16-8C5D-2B1D4FA2BD30}"
EndProject
Global
	GlobalSection(SolutionConfigurationPlatforms) = preSolution
		Debug|Any CPU = Debug|Any CPU
		Release|Any CPU = Release|Any CPU
	EndGlobalSection
	GlobalSection(ProjectConfigurationPlatforms) = postSolution
		{827E27C4-6225-4451-BA09-B2150BC1EB55}.Debug|Any CPU.ActiveCfg = Debug|Any CPU
		{827E27C4-6225-4451-BA09-B2150BC1EB55}.Debug|Any CPU.Build.0 = Debug|Any CPU
		{827E27C4-6225-4451-BA09-B2150BC1EB55}.Release|Any CPU.ActiveCfg = Release|Any CPU
		{827E27C4-6225-4451-BA09-B2150BC1EB55}.Release|Any CPU.Build.0 = Release|Any CPU
		{1BB39A55-CE24-4531-AA85-06AADB0001DE}.Debug|Any CPU.ActiveCfg = Debug|Any CPU
		{1BB39A55-CE24-4531-AA85-06AADB0001DE}.Debug|Any CPU.Build.0 = Debug|Any CPU
		{1BB39A55-CE24-4531-AA85-06AADB0001DE}.Release|Any CPU.ActiveCfg = Release|Any CPU
		{1BB39A55-CE24-4531-AA85-06AADB0001DE}.Release|Any CPU.Build.0 = Release|Any CPU
		{4FC49DED-B549-4E51-98D9-CF647A80E455}.Debug|Any CPU.ActiveCfg = Debug|Any CPU
		{4FC49DED-B549-4E51-98D9-CF647A80E455}.Debug|Any CPU.Build.0 = Debug|Any CPU
		{4FC49DED-B549-4E51-98D9-CF647A80E455}.Release|Any CPU.ActiveCfg = Release|Any CPU
		{4FC49DED-B549-4E51-98D9-CF647A80E455}.Release|Any CPU.Build.0 = Release|Any CPU
		{972FC80D-6D5A-4171-8ED6-AE5267D0DE72}.Debug|Any CPU.ActiveCfg = Debug|Any CPU
		{972FC80D-6D5A-4171-8ED6-AE5267D0DE72}.Debug|Any CPU.Build.0 = Debug|Any CPU
		{972FC80D-6D5A-4171-8ED6-AE5267D0DE72}.Release|Any CPU.ActiveCfg = Release|Any CPU
		{972FC80D-6D5A-4171-8ED6-AE5267D0DE72}.Release|Any CPU.Build.0 = Release|Any CPU
		{0748A434-DAA2-436F-AAA0-9D1AF7F94A01}.Debug|Any CPU.ActiveCfg = Debug|Any CPU
		{0748A434-DAA2-436F-AAA0-9D1AF7F94A01}.Debug|Any CPU.Build.0 = Debug|Any CPU
		{0748A434-DAA2-436F-AAA0-9D1AF7F94A01}.Release|Any CPU.ActiveCfg = Release|Any CPU
		{0748A434-DAA2-436F-AAA0-9D1AF7F94A01}.Release|Any CPU.Build.0 = Release|Any CPU
		{1FC4875A-1D5F-49DE-BF60-CCB5F769DD5C}.Debug|Any CPU.ActiveCfg = Debug|Any CPU
		{1FC4875A-1D5F-49DE-BF60-CCB5F769DD5C}.Debug|Any CPU.Build.0 = Debug|Any CPU
		{1FC4875A-1D5F-49DE-BF60-CCB5F769DD5C}.Release|Any CPU.ActiveCfg = Release|Any CPU
		{1FC4875A-1D5F-49DE-BF60-CCB5F769DD5C}.Release|Any CPU.Build.0 = Release|Any CPU
		{B875F659-52D7-4F70-9520-C1AD5E2C1FA0}.Debug|Any CPU.ActiveCfg = Debug|Any CPU
		{B875F659-52D7-4F70-9520-C1AD5E2C1FA0}.Debug|Any CPU.Build.0 = Debug|Any CPU
		{B875F659-52D7-4F70-9520-C1AD5E2C1FA0}.Release|Any CPU.ActiveCfg = Release|Any CPU
		{B875F659-52D7-4F70-9520-C1AD5E2C1FA0}.Release|Any CPU.Build.0 = Release|Any CPU
		{37097A98-B778-4637-A57C-3E1A6E7ABAE4}.Debug|Any CPU.ActiveCfg = Debug|Any CPU
		{37097A98-B778-4637-A57C-3E1A6E7ABAE4}.Debug|Any CPU.Build.0 = Debug|Any CPU
		{37097A98-B778-4637-A57C-3E1A6E7ABAE4}.Release|Any CPU.ActiveCfg = Release|Any CPU
		{37097A98-B778-4637-A57C-3E1A6E7ABAE4}.Release|Any CPU.Build.0 = Release|Any CPU
		{6D508BC5-CA95-46D8-9060-5E7E3E32D940}.Debug|Any CPU.ActiveCfg = Debug|Any CPU
		{6D508BC5-CA95-46D8-9060-5E7E3E32D940}.Debug|Any CPU.Build.0 = Debug|Any CPU
		{6D508BC5-CA95-46D8-9060-5E7E3E32D940}.Release|Any CPU.ActiveCfg = Release|Any CPU
		{6D508BC5-CA95-46D8-9060-5E7E3E32D940}.Release|Any CPU.Build.0 = Release|Any CPU
		{3710044F-DA42-46C5-9AFB-9EBDE945BD2C}.Debug|Any CPU.ActiveCfg = Debug|Any CPU
		{3710044F-DA42-46C5-9AFB-9EBDE945BD2C}.Debug|Any CPU.Build.0 = Debug|Any CPU
		{3710044F-DA42-46C5-9AFB-9EBDE945BD2C}.Release|Any CPU.ActiveCfg = Release|Any CPU
		{3710044F-DA42-46C5-9AFB-9EBDE945BD2C}.Release|Any CPU.Build.0 = Release|Any CPU
		{BA731947-AEF5-402C-A107-257903B406EC}.Debug|Any CPU.ActiveCfg = Debug|Any CPU
		{BA731947-AEF5-402C-A107-257903B406EC}.Debug|Any CPU.Build.0 = Debug|Any CPU
		{BA731947-AEF5-402C-A107-257903B406EC}.Release|Any CPU.ActiveCfg = Release|Any CPU
		{BA731947-AEF5-402C-A107-257903B406EC}.Release|Any CPU.Build.0 = Release|Any CPU
		{4BC7F5E2-C529-4CF7-9A98-2963FF587E17}.Debug|Any CPU.ActiveCfg = Debug|Any CPU
		{4BC7F5E2-C529-4CF7-9A98-2963FF587E17}.Debug|Any CPU.Build.0 = Debug|Any CPU
		{4BC7F5E2-C529-4CF7-9A98-2963FF587E17}.Release|Any CPU.ActiveCfg = Release|Any CPU
		{4BC7F5E2-C529-4CF7-9A98-2963FF587E17}.Release|Any CPU.Build.0 = Release|Any CPU
		{09049889-D239-4725-9CD9-64BD0FFDA9C7}.Debug|Any CPU.ActiveCfg = Debug|Any CPU
		{09049889-D239-4725-9CD9-64BD0FFDA9C7}.Debug|Any CPU.Build.0 = Debug|Any CPU
		{09049889-D239-4725-9CD9-64BD0FFDA9C7}.Release|Any CPU.ActiveCfg = Release|Any CPU
		{09049889-D239-4725-9CD9-64BD0FFDA9C7}.Release|Any CPU.Build.0 = Release|Any CPU
		{C6011522-D615-4A1C-ABB7-E8E6A380993F}.Debug|Any CPU.ActiveCfg = Debug|Any CPU
		{C6011522-D615-4A1C-ABB7-E8E6A380993F}.Debug|Any CPU.Build.0 = Debug|Any CPU
		{C6011522-D615-4A1C-ABB7-E8E6A380993F}.Release|Any CPU.ActiveCfg = Release|Any CPU
		{C6011522-D615-4A1C-ABB7-E8E6A380993F}.Release|Any CPU.Build.0 = Release|Any CPU
		{48690AA8-9AC4-4AEA-9755-BEBEAF27406C}.Debug|Any CPU.ActiveCfg = Debug|Any CPU
		{48690AA8-9AC4-4AEA-9755-BEBEAF27406C}.Debug|Any CPU.Build.0 = Debug|Any CPU
		{48690AA8-9AC4-4AEA-9755-BEBEAF27406C}.Release|Any CPU.ActiveCfg = Release|Any CPU
		{48690AA8-9AC4-4AEA-9755-BEBEAF27406C}.Release|Any CPU.Build.0 = Release|Any CPU
		{122B8DE3-E405-4174-AC41-F07430629F61}.Debug|Any CPU.ActiveCfg = Debug|Any CPU
		{122B8DE3-E405-4174-AC41-F07430629F61}.Debug|Any CPU.Build.0 = Debug|Any CPU
		{122B8DE3-E405-4174-AC41-F07430629F61}.Release|Any CPU.ActiveCfg = Release|Any CPU
		{122B8DE3-E405-4174-AC41-F07430629F61}.Release|Any CPU.Build.0 = Release|Any CPU
		{5752D675-7055-46C8-95CD-89C65E7339BE}.Debug|Any CPU.ActiveCfg = Debug|Any CPU
		{5752D675-7055-46C8-95CD-89C65E7339BE}.Debug|Any CPU.Build.0 = Debug|Any CPU
		{5752D675-7055-46C8-95CD-89C65E7339BE}.Release|Any CPU.ActiveCfg = Release|Any CPU
		{5752D675-7055-46C8-95CD-89C65E7339BE}.Release|Any CPU.Build.0 = Release|Any CPU
		{8E1C3E9D-83E7-4B16-8C5D-2B1D4FA2BD30}.Debug|Any CPU.ActiveCfg = Debug|Any CPU
		{8E1C3E9D-83E7-4B16-8C5D-2B1D4FA2BD30}.Debug|Any CPU.Build.0 = Debug|Any CPU
		{8E1C3E9D-83E7-4B16-8C5D-2B1D4FA2BD30}.Release|Any CPU.ActiveCfg = Release|Any CPU
		{8E1C3E9D-83E7-4B16-8C5D-2B1D4FA2BD30}.Release|Any CPU.Build.0 = Release|Any CPU
	EndGlobalSection
	GlobalSection(SolutionProperties) = preSolution
		HideSolutionNode = FALSE
	EndGlobalSection
	GlobalSection(NestedProjects) = preSolution
		{827E27C4-6225-4451-BA09-B2150BC1EB55} = {02EA681E-C7D8-13C7-8484-4AC65E1B71E8}
		{1BB39A55-CE24-4531-AA85-06AADB0001DE} = {02EA681E-C7D8-13C7-8484-4AC65E1B71E8}
		{4FC49DED-B549-4E51-98D9-CF647A80E455} = {02EA681E-C7D8-13C7-8484-4AC65E1B71E8}
		{972FC80D-6D5A-4171-8ED6-AE5267D0DE72} = {17885A6E-F97B-4D8A-8B3F-DE43D5D26F4B}
		{0748A434-DAA2-436F-AAA0-9D1AF7F94A01} = {17885A6E-F97B-4D8A-8B3F-DE43D5D26F4B}
		{1FC4875A-1D5F-49DE-BF60-CCB5F769DD5C} = {17885A6E-F97B-4D8A-8B3F-DE43D5D26F4B}
		{B875F659-52D7-4F70-9520-C1AD5E2C1FA0} = {1A350EA7-1A57-4C7E-9B9C-625D9C0FB674}
		{37097A98-B778-4637-A57C-3E1A6E7ABAE4} = {1A350EA7-1A57-4C7E-9B9C-625D9C0FB674}
		{6D508BC5-CA95-46D8-9060-5E7E3E32D940} = {1A350EA7-1A57-4C7E-9B9C-625D9C0FB674}
		{3710044F-DA42-46C5-9AFB-9EBDE945BD2C} = {3DD6845E-E635-4CC8-AA31-2524FB855424}
		{BA731947-AEF5-402C-A107-257903B406EC} = {3DD6845E-E635-4CC8-AA31-2524FB855424}
		{4BC7F5E2-C529-4CF7-9A98-2963FF587E17} = {3DD6845E-E635-4CC8-AA31-2524FB855424}
		{09049889-D239-4725-9CD9-64BD0FFDA9C7} = {1F22A421-2726-46D1-A3B9-4598836F37AB}
		{C6011522-D615-4A1C-ABB7-E8E6A380993F} = {1F22A421-2726-46D1-A3B9-4598836F37AB}
		{48690AA8-9AC4-4AEA-9755-BEBEAF27406C} = {1F22A421-2726-46D1-A3B9-4598836F37AB}
		{122B8DE3-E405-4174-AC41-F07430629F61} = {B50FD878-FD11-43DA-B9CE-155AE441FBF9}
		{5752D675-7055-46C8-95CD-89C65E7339BE} = {B50FD878-FD11-43DA-B9CE-155AE441FBF9}
		{8E1C3E9D-83E7-4B16-8C5D-2B1D4FA2BD30} = {B50FD878-FD11-43DA-B9CE-155AE441FBF9}
	EndGlobalSection
	GlobalSection(ExtensibilityGlobals) = postSolution
		SolutionGuid = {95337983-9E99-4C8C-BAD6-5E3E76ABD6A4}
	EndGlobalSection
EndGlobal
